
Microsoft Visual Studio Solution File, Format Version 12.00
# Visual Studio Version 16
VisualStudioVersion = 16.0.28803.156
MinimumVisualStudioVersion = 10.0.40219.1
Project("{FAE04EC0-301F-11D3-BF4B-00C04F79EFBC}") = "ShmotStore", "ShmotStore\ShmotStore.csproj", "{86F8A529-6EE0-4207-AFBD-40B543930D4B}"
EndProject
Global
	GlobalSection(SolutionConfigurationPlatforms) = preSolution
		Debug|Any CPU = Debug|Any CPU
		Release|Any CPU = Release|Any CPU
	EndGlobalSection
	GlobalSection(ProjectConfigurationPlatforms) = postSolution
		{86F8A529-6EE0-4207-AFBD-40B543930D4B}.Debug|Any CPU.ActiveCfg = Debug|Any CPU
		{86F8A529-6EE0-4207-AFBD-40B543930D4B}.Debug|Any CPU.Build.0 = Debug|Any CPU
		{86F8A529-6EE0-4207-AFBD-40B543930D4B}.Release|Any CPU.ActiveCfg = Release|Any CPU
		{86F8A529-6EE0-4207-AFBD-40B543930D4B}.Release|Any CPU.Build.0 = Release|Any CPU
	EndGlobalSection
	GlobalSection(SolutionProperties) = preSolution
		HideSolutionNode = FALSE
	EndGlobalSection
	GlobalSection(ExtensibilityGlobals) = postSolution
		SolutionGuid = {7AF03D43-5645-4C97-AFD9-FB0C3AD36DC0}
	EndGlobalSection
EndGlobal
